
Microsoft Visual Studio Solution File, Format Version 12.00
# Visual Studio Version 16
VisualStudioVersion = 16.0.29820.132
MinimumVisualStudioVersion = 10.0.40219.1
Project("{9A19103F-16F7-4668-BE54-9A1E7A4F7556}") = "BlazeOrchard", "BlazeOrchard\BlazeOrchard.csproj", "{0C6E900B-E092-4C5F-8909-8582B8526D5E}"
EndProject
Project("{FAE04EC0-301F-11D3-BF4B-00C04F79EFBC}") = "XamOrchard.Android", "XamOrchard\XamOrchard.Android\XamOrchard.Android.csproj", "{B1393776-7950-42ED-8F66-03BCC0ABC551}"
EndProject
Project("{FAE04EC0-301F-11D3-BF4B-00C04F79EFBC}") = "XamOrchard.iOS", "XamOrchard\XamOrchard.iOS\XamOrchard.iOS.csproj", "{EF998541-F198-42AD-80DF-BA248B70F700}"
EndProject
Project("{9A19103F-16F7-4668-BE54-9A1E7A4F7556}") = "XamOrchard", "XamOrchard\XamOrchard\XamOrchard.csproj", "{4991BF67-0A6A-46F0-9ACC-2400B44DB8DE}"
EndProject
Project("{FAE04EC0-301F-11D3-BF4B-00C04F79EFBC}") = "XamOrchard.UWP", "XamOrchard.UWP\XamOrchard.UWP.csproj", "{0F22E3F7-9A22-475C-B5A2-DE4FDCB42982}"
EndProject
Project("{9A19103F-16F7-4668-BE54-9A1E7A4F7556}") = "ServerlessOrchard", "ServerlessOrchard\ServerlessOrchard.csproj", "{D43A690D-1DCC-4D20-9320-4781975F4B5E}"
EndProject
Project("{9A19103F-16F7-4668-BE54-9A1E7A4F7556}") = "BlazeOrchardShared", "BlazeOrchardShared\BlazeOrchardShared.csproj", "{55708C1B-A329-4972-8008-8EDFCEF4D281}"
EndProject
Global
	GlobalSection(SolutionConfigurationPlatforms) = preSolution
		Debug|Any CPU = Debug|Any CPU
		Debug|ARM = Debug|ARM
		Debug|ARM64 = Debug|ARM64
		Debug|iPhone = Debug|iPhone
		Debug|iPhoneSimulator = Debug|iPhoneSimulator
		Debug|x64 = Debug|x64
		Debug|x86 = Debug|x86
		Release|Any CPU = Release|Any CPU
		Release|ARM = Release|ARM
		Release|ARM64 = Release|ARM64
		Release|iPhone = Release|iPhone
		Release|iPhoneSimulator = Release|iPhoneSimulator
		Release|x64 = Release|x64
		Release|x86 = Release|x86
	EndGlobalSection
	GlobalSection(ProjectConfigurationPlatforms) = postSolution
		{0C6E900B-E092-4C5F-8909-8582B8526D5E}.Debug|Any CPU.ActiveCfg = Debug|Any CPU
		{0C6E900B-E092-4C5F-8909-8582B8526D5E}.Debug|Any CPU.Build.0 = Debug|Any CPU
		{0C6E900B-E092-4C5F-8909-8582B8526D5E}.Debug|ARM.ActiveCfg = Debug|Any CPU
		{0C6E900B-E092-4C5F-8909-8582B8526D5E}.Debug|ARM.Build.0 = Debug|Any CPU
		{0C6E900B-E092-4C5F-8909-8582B8526D5E}.Debug|ARM64.ActiveCfg = Debug|Any CPU
		{0C6E900B-E092-4C5F-8909-8582B8526D5E}.Debug|ARM64.Build.0 = Debug|Any CPU
		{0C6E900B-E092-4C5F-8909-8582B8526D5E}.Debug|iPhone.ActiveCfg = Debug|Any CPU
		{0C6E900B-E092-4C5F-8909-8582B8526D5E}.Debug|iPhone.Build.0 = Debug|Any CPU
		{0C6E900B-E092-4C5F-8909-8582B8526D5E}.Debug|iPhoneSimulator.ActiveCfg = Debug|Any CPU
		{0C6E900B-E092-4C5F-8909-8582B8526D5E}.Debug|iPhoneSimulator.Build.0 = Debug|Any CPU
		{0C6E900B-E092-4C5F-8909-8582B8526D5E}.Debug|x64.ActiveCfg = Debug|Any CPU
		{0C6E900B-E092-4C5F-8909-8582B8526D5E}.Debug|x64.Build.0 = Debug|Any CPU
		{0C6E900B-E092-4C5F-8909-8582B8526D5E}.Debug|x86.ActiveCfg = Debug|Any CPU
		{0C6E900B-E092-4C5F-8909-8582B8526D5E}.Debug|x86.Build.0 = Debug|Any CPU
		{0C6E900B-E092-4C5F-8909-8582B8526D5E}.Release|Any CPU.ActiveCfg = Release|Any CPU
		{0C6E900B-E092-4C5F-8909-8582B8526D5E}.Release|Any CPU.Build.0 = Release|Any CPU
		{0C6E900B-E092-4C5F-8909-8582B8526D5E}.Release|ARM.ActiveCfg = Release|Any CPU
		{0C6E900B-E092-4C5F-8909-8582B8526D5E}.Release|ARM.Build.0 = Release|Any CPU
		{0C6E900B-E092-4C5F-8909-8582B8526D5E}.Release|ARM64.ActiveCfg = Release|Any CPU
		{0C6E900B-E092-4C5F-8909-8582B8526D5E}.Release|ARM64.Build.0 = Release|Any CPU
		{0C6E900B-E092-4C5F-8909-8582B8526D5E}.Release|iPhone.ActiveCfg = Release|Any CPU
		{0C6E900B-E092-4C5F-8909-8582B8526D5E}.Release|iPhone.Build.0 = Release|Any CPU
		{0C6E900B-E092-4C5F-8909-8582B8526D5E}.Release|iPhoneSimulator.ActiveCfg = Release|Any CPU
		{0C6E900B-E092-4C5F-8909-8582B8526D5E}.Release|iPhoneSimulator.Build.0 = Release|Any CPU
		{0C6E900B-E092-4C5F-8909-8582B8526D5E}.Release|x64.ActiveCfg = Release|Any CPU
		{0C6E900B-E092-4C5F-8909-8582B8526D5E}.Release|x64.Build.0 = Release|Any CPU
		{0C6E900B-E092-4C5F-8909-8582B8526D5E}.Release|x86.ActiveCfg = Release|Any CPU
		{0C6E900B-E092-4C5F-8909-8582B8526D5E}.Release|x86.Build.0 = Release|Any CPU
		{B1393776-7950-42ED-8F66-03BCC0ABC551}.Debug|Any CPU.ActiveCfg = Debug|Any CPU
		{B1393776-7950-42ED-8F66-03BCC0ABC551}.Debug|Any CPU.Build.0 = Debug|Any CPU
		{B1393776-7950-42ED-8F66-03BCC0ABC551}.Debug|Any CPU.Deploy.0 = Debug|Any CPU
		{B1393776-7950-42ED-8F66-03BCC0ABC551}.Debug|ARM.ActiveCfg = Debug|Any CPU
		{B1393776-7950-42ED-8F66-03BCC0ABC551}.Debug|ARM.Build.0 = Debug|Any CPU
		{B1393776-7950-42ED-8F66-03BCC0ABC551}.Debug|ARM.Deploy.0 = Debug|Any CPU
		{B1393776-7950-42ED-8F66-03BCC0ABC551}.Debug|ARM64.ActiveCfg = Debug|Any CPU
		{B1393776-7950-42ED-8F66-03BCC0ABC551}.Debug|ARM64.Build.0 = Debug|Any CPU
		{B1393776-7950-42ED-8F66-03BCC0ABC551}.Debug|ARM64.Deploy.0 = Debug|Any CPU
		{B1393776-7950-42ED-8F66-03BCC0ABC551}.Debug|iPhone.ActiveCfg = Debug|Any CPU
		{B1393776-7950-42ED-8F66-03BCC0ABC551}.Debug|iPhone.Build.0 = Debug|Any CPU
		{B1393776-7950-42ED-8F66-03BCC0ABC551}.Debug|iPhone.Deploy.0 = Debug|Any CPU
		{B1393776-7950-42ED-8F66-03BCC0ABC551}.Debug|iPhoneSimulator.ActiveCfg = Debug|Any CPU
		{B1393776-7950-42ED-8F66-03BCC0ABC551}.Debug|iPhoneSimulator.Build.0 = Debug|Any CPU
		{B1393776-7950-42ED-8F66-03BCC0ABC551}.Debug|iPhoneSimulator.Deploy.0 = Debug|Any CPU
		{B1393776-7950-42ED-8F66-03BCC0ABC551}.Debug|x64.ActiveCfg = Debug|Any CPU
		{B1393776-7950-42ED-8F66-03BCC0ABC551}.Debug|x64.Build.0 = Debug|Any CPU
		{B1393776-7950-42ED-8F66-03BCC0ABC551}.Debug|x64.Deploy.0 = Debug|Any CPU
		{B1393776-7950-42ED-8F66-03BCC0ABC551}.Debug|x86.ActiveCfg = Debug|Any CPU
		{B1393776-7950-42ED-8F66-03BCC0ABC551}.Debug|x86.Build.0 = Debug|Any CPU
		{B1393776-7950-42ED-8F66-03BCC0ABC551}.Debug|x86.Deploy.0 = Debug|Any CPU
		{B1393776-7950-42ED-8F66-03BCC0ABC551}.Release|Any CPU.ActiveCfg = Release|Any CPU
		{B1393776-7950-42ED-8F66-03BCC0ABC551}.Release|Any CPU.Build.0 = Release|Any CPU
		{B1393776-7950-42ED-8F66-03BCC0ABC551}.Release|Any CPU.Deploy.0 = Release|Any CPU
		{B1393776-7950-42ED-8F66-03BCC0ABC551}.Release|ARM.ActiveCfg = Release|Any CPU
		{B1393776-7950-42ED-8F66-03BCC0ABC551}.Release|ARM.Build.0 = Release|Any CPU
		{B1393776-7950-42ED-8F66-03BCC0ABC551}.Release|ARM.Deploy.0 = Release|Any CPU
		{B1393776-7950-42ED-8F66-03BCC0ABC551}.Release|ARM64.ActiveCfg = Release|Any CPU
		{B1393776-7950-42ED-8F66-03BCC0ABC551}.Release|ARM64.Build.0 = Release|Any CPU
		{B1393776-7950-42ED-8F66-03BCC0ABC551}.Release|ARM64.Deploy.0 = Release|Any CPU
		{B1393776-7950-42ED-8F66-03BCC0ABC551}.Release|iPhone.ActiveCfg = Release|Any CPU
		{B1393776-7950-42ED-8F66-03BCC0ABC551}.Release|iPhone.Build.0 = Release|Any CPU
		{B1393776-7950-42ED-8F66-03BCC0ABC551}.Release|iPhone.Deploy.0 = Release|Any CPU
		{B1393776-7950-42ED-8F66-03BCC0ABC551}.Release|iPhoneSimulator.ActiveCfg = Release|Any CPU
		{B1393776-7950-42ED-8F66-03BCC0ABC551}.Release|iPhoneSimulator.Build.0 = Release|Any CPU
		{B1393776-7950-42ED-8F66-03BCC0ABC551}.Release|iPhoneSimulator.Deploy.0 = Release|Any CPU
		{B1393776-7950-42ED-8F66-03BCC0ABC551}.Release|x64.ActiveCfg = Release|Any CPU
		{B1393776-7950-42ED-8F66-03BCC0ABC551}.Release|x64.Build.0 = Release|Any CPU
		{B1393776-7950-42ED-8F66-03BCC0ABC551}.Release|x64.Deploy.0 = Release|Any CPU
		{B1393776-7950-42ED-8F66-03BCC0ABC551}.Release|x86.ActiveCfg = Release|Any CPU
		{B1393776-7950-42ED-8F66-03BCC0ABC551}.Release|x86.Build.0 = Release|Any CPU
		{B1393776-7950-42ED-8F66-03BCC0ABC551}.Release|x86.Deploy.0 = Release|Any CPU
		{EF998541-F198-42AD-80DF-BA248B70F700}.Debug|Any CPU.ActiveCfg = Debug|iPhone
		{EF998541-F198-42AD-80DF-BA248B70F700}.Debug|ARM.ActiveCfg = Debug|iPhone
		{EF998541-F198-42AD-80DF-BA248B70F700}.Debug|ARM64.ActiveCfg = Debug|iPhone
		{EF998541-F198-42AD-80DF-BA248B70F700}.Debug|iPhone.ActiveCfg = Debug|iPhone
		{EF998541-F198-42AD-80DF-BA248B70F700}.Debug|iPhone.Build.0 = Debug|iPhone
		{EF998541-F198-42AD-80DF-BA248B70F700}.Debug|iPhoneSimulator.ActiveCfg = Debug|iPhoneSimulator
		{EF998541-F198-42AD-80DF-BA248B70F700}.Debug|iPhoneSimulator.Build.0 = Debug|iPhoneSimulator
		{EF998541-F198-42AD-80DF-BA248B70F700}.Debug|x64.ActiveCfg = Debug|iPhone
		{EF998541-F198-42AD-80DF-BA248B70F700}.Debug|x86.ActiveCfg = Debug|iPhone
		{EF998541-F198-42AD-80DF-BA248B70F700}.Release|Any CPU.ActiveCfg = Release|iPhone
		{EF998541-F198-42AD-80DF-BA248B70F700}.Release|ARM.ActiveCfg = Release|iPhone
		{EF998541-F198-42AD-80DF-BA248B70F700}.Release|ARM64.ActiveCfg = Release|iPhone
		{EF998541-F198-42AD-80DF-BA248B70F700}.Release|iPhone.ActiveCfg = Release|iPhone
		{EF998541-F198-42AD-80DF-BA248B70F700}.Release|iPhone.Build.0 = Release|iPhone
		{EF998541-F198-42AD-80DF-BA248B70F700}.Release|iPhoneSimulator.ActiveCfg = Release|iPhoneSimulator
		{EF998541-F198-42AD-80DF-BA248B70F700}.Release|iPhoneSimulator.Build.0 = Release|iPhoneSimulator
		{EF998541-F198-42AD-80DF-BA248B70F700}.Release|x64.ActiveCfg = Release|iPhone
		{EF998541-F198-42AD-80DF-BA248B70F700}.Release|x86.ActiveCfg = Release|iPhone
		{4991BF67-0A6A-46F0-9ACC-2400B44DB8DE}.Debug|Any CPU.ActiveCfg = Debug|Any CPU
		{4991BF67-0A6A-46F0-9ACC-2400B44DB8DE}.Debug|Any CPU.Build.0 = Debug|Any CPU
		{4991BF67-0A6A-46F0-9ACC-2400B44DB8DE}.Debug|ARM.ActiveCfg = Debug|Any CPU
		{4991BF67-0A6A-46F0-9ACC-2400B44DB8DE}.Debug|ARM.Build.0 = Debug|Any CPU
		{4991BF67-0A6A-46F0-9ACC-2400B44DB8DE}.Debug|ARM64.ActiveCfg = Debug|Any CPU
		{4991BF67-0A6A-46F0-9ACC-2400B44DB8DE}.Debug|ARM64.Build.0 = Debug|Any CPU
		{4991BF67-0A6A-46F0-9ACC-2400B44DB8DE}.Debug|iPhone.ActiveCfg = Debug|Any CPU
		{4991BF67-0A6A-46F0-9ACC-2400B44DB8DE}.Debug|iPhone.Build.0 = Debug|Any CPU
		{4991BF67-0A6A-46F0-9ACC-2400B44DB8DE}.Debug|iPhoneSimulator.ActiveCfg = Debug|Any CPU
		{4991BF67-0A6A-46F0-9ACC-2400B44DB8DE}.Debug|iPhoneSimulator.Build.0 = Debug|Any CPU
		{4991BF67-0A6A-46F0-9ACC-2400B44DB8DE}.Debug|x64.ActiveCfg = Debug|Any CPU
		{4991BF67-0A6A-46F0-9ACC-2400B44DB8DE}.Debug|x64.Build.0 = Debug|Any CPU
		{4991BF67-0A6A-46F0-9ACC-2400B44DB8DE}.Debug|x86.ActiveCfg = Debug|Any CPU
		{4991BF67-0A6A-46F0-9ACC-2400B44DB8DE}.Debug|x86.Build.0 = Debug|Any CPU
		{4991BF67-0A6A-46F0-9ACC-2400B44DB8DE}.Release|Any CPU.ActiveCfg = Release|Any CPU
		{4991BF67-0A6A-46F0-9ACC-2400B44DB8DE}.Release|Any CPU.Build.0 = Release|Any CPU
		{4991BF67-0A6A-46F0-9ACC-2400B44DB8DE}.Release|ARM.ActiveCfg = Release|Any CPU
		{4991BF67-0A6A-46F0-9ACC-2400B44DB8DE}.Release|ARM.Build.0 = Release|Any CPU
		{4991BF67-0A6A-46F0-9ACC-2400B44DB8DE}.Release|ARM64.ActiveCfg = Release|Any CPU
		{4991BF67-0A6A-46F0-9ACC-2400B44DB8DE}.Release|ARM64.Build.0 = Release|Any CPU
		{4991BF67-0A6A-46F0-9ACC-2400B44DB8DE}.Release|iPhone.ActiveCfg = Release|Any CPU
		{4991BF67-0A6A-46F0-9ACC-2400B44DB8DE}.Release|iPhone.Build.0 = Release|Any CPU
		{4991BF67-0A6A-46F0-9ACC-2400B44DB8DE}.Release|iPhoneSimulator.ActiveCfg = Release|Any CPU
		{4991BF67-0A6A-46F0-9ACC-2400B44DB8DE}.Release|iPhoneSimulator.Build.0 = Release|Any CPU
		{4991BF67-0A6A-46F0-9ACC-2400B44DB8DE}.Release|x64.ActiveCfg = Release|Any CPU
		{4991BF67-0A6A-46F0-9ACC-2400B44DB8DE}.Release|x64.Build.0 = Release|Any CPU
		{4991BF67-0A6A-46F0-9ACC-2400B44DB8DE}.Release|x86.ActiveCfg = Release|Any CPU
		{4991BF67-0A6A-46F0-9ACC-2400B44DB8DE}.Release|x86.Build.0 = Release|Any CPU
		{0F22E3F7-9A22-475C-B5A2-DE4FDCB42982}.Debug|Any CPU.ActiveCfg = Debug|x86
		{0F22E3F7-9A22-475C-B5A2-DE4FDCB42982}.Debug|ARM.ActiveCfg = Debug|ARM
		{0F22E3F7-9A22-475C-B5A2-DE4FDCB42982}.Debug|ARM.Build.0 = Debug|ARM
		{0F22E3F7-9A22-475C-B5A2-DE4FDCB42982}.Debug|ARM.Deploy.0 = Debug|ARM
		{0F22E3F7-9A22-475C-B5A2-DE4FDCB42982}.Debug|ARM64.ActiveCfg = Debug|ARM64
		{0F22E3F7-9A22-475C-B5A2-DE4FDCB42982}.Debug|ARM64.Build.0 = Debug|ARM64
		{0F22E3F7-9A22-475C-B5A2-DE4FDCB42982}.Debug|ARM64.Deploy.0 = Debug|ARM64
		{0F22E3F7-9A22-475C-B5A2-DE4FDCB42982}.Debug|iPhone.ActiveCfg = Debug|x86
		{0F22E3F7-9A22-475C-B5A2-DE4FDCB42982}.Debug|iPhoneSimulator.ActiveCfg = Debug|x86
		{0F22E3F7-9A22-475C-B5A2-DE4FDCB42982}.Debug|x64.ActiveCfg = Debug|x64
		{0F22E3F7-9A22-475C-B5A2-DE4FDCB42982}.Debug|x64.Build.0 = Debug|x64
		{0F22E3F7-9A22-475C-B5A2-DE4FDCB42982}.Debug|x64.Deploy.0 = Debug|x64
		{0F22E3F7-9A22-475C-B5A2-DE4FDCB42982}.Debug|x86.ActiveCfg = Debug|x86
		{0F22E3F7-9A22-475C-B5A2-DE4FDCB42982}.Debug|x86.Build.0 = Debug|x86
		{0F22E3F7-9A22-475C-B5A2-DE4FDCB42982}.Debug|x86.Deploy.0 = Debug|x86
		{0F22E3F7-9A22-475C-B5A2-DE4FDCB42982}.Release|Any CPU.ActiveCfg = Release|x86
		{0F22E3F7-9A22-475C-B5A2-DE4FDCB42982}.Release|ARM.ActiveCfg = Release|ARM
		{0F22E3F7-9A22-475C-B5A2-DE4FDCB42982}.Release|ARM.Build.0 = Release|ARM
		{0F22E3F7-9A22-475C-B5A2-DE4FDCB42982}.Release|ARM.Deploy.0 = Release|ARM
		{0F22E3F7-9A22-475C-B5A2-DE4FDCB42982}.Release|ARM64.ActiveCfg = Release|ARM64
		{0F22E3F7-9A22-475C-B5A2-DE4FDCB42982}.Release|ARM64.Build.0 = Release|ARM64
		{0F22E3F7-9A22-475C-B5A2-DE4FDCB42982}.Release|ARM64.Deploy.0 = Release|ARM64
		{0F22E3F7-9A22-475C-B5A2-DE4FDCB42982}.Release|iPhone.ActiveCfg = Release|x86
		{0F22E3F7-9A22-475C-B5A2-DE4FDCB42982}.Release|iPhoneSimulator.ActiveCfg = Release|x86
		{0F22E3F7-9A22-475C-B5A2-DE4FDCB42982}.Release|x64.ActiveCfg = Release|x64
		{0F22E3F7-9A22-475C-B5A2-DE4FDCB42982}.Release|x64.Build.0 = Release|x64
		{0F22E3F7-9A22-475C-B5A2-DE4FDCB42982}.Release|x64.Deploy.0 = Release|x64
		{0F22E3F7-9A22-475C-B5A2-DE4FDCB42982}.Release|x86.ActiveCfg = Release|x86
		{0F22E3F7-9A22-475C-B5A2-DE4FDCB42982}.Release|x86.Build.0 = Release|x86
		{0F22E3F7-9A22-475C-B5A2-DE4FDCB42982}.Release|x86.Deploy.0 = Release|x86
		{D43A690D-1DCC-4D20-9320-4781975F4B5E}.Debug|Any CPU.ActiveCfg = Debug|Any CPU
		{D43A690D-1DCC-4D20-9320-4781975F4B5E}.Debug|Any CPU.Build.0 = Debug|Any CPU
		{D43A690D-1DCC-4D20-9320-4781975F4B5E}.Debug|ARM.ActiveCfg = Debug|Any CPU
		{D43A690D-1DCC-4D20-9320-4781975F4B5E}.Debug|ARM.Build.0 = Debug|Any CPU
		{D43A690D-1DCC-4D20-9320-4781975F4B5E}.Debug|ARM64.ActiveCfg = Debug|Any CPU
		{D43A690D-1DCC-4D20-9320-4781975F4B5E}.Debug|ARM64.Build.0 = Debug|Any CPU
		{D43A690D-1DCC-4D20-9320-4781975F4B5E}.Debug|iPhone.ActiveCfg = Debug|Any CPU
		{D43A690D-1DCC-4D20-9320-4781975F4B5E}.Debug|iPhone.Build.0 = Debug|Any CPU
		{D43A690D-1DCC-4D20-9320-4781975F4B5E}.Debug|iPhoneSimulator.ActiveCfg = Debug|Any CPU
		{D43A690D-1DCC-4D20-9320-4781975F4B5E}.Debug|iPhoneSimulator.Build.0 = Debug|Any CPU
		{D43A690D-1DCC-4D20-9320-4781975F4B5E}.Debug|x64.ActiveCfg = Debug|Any CPU
		{D43A690D-1DCC-4D20-9320-4781975F4B5E}.Debug|x64.Build.0 = Debug|Any CPU
		{D43A690D-1DCC-4D20-9320-4781975F4B5E}.Debug|x86.ActiveCfg = Debug|Any CPU
		{D43A690D-1DCC-4D20-9320-4781975F4B5E}.Debug|x86.Build.0 = Debug|Any CPU
		{D43A690D-1DCC-4D20-9320-4781975F4B5E}.Release|Any CPU.ActiveCfg = Release|Any CPU
		{D43A690D-1DCC-4D20-9320-4781975F4B5E}.Release|Any CPU.Build.0 = Release|Any CPU
		{D43A690D-1DCC-4D20-9320-4781975F4B5E}.Release|ARM.ActiveCfg = Release|Any CPU
		{D43A690D-1DCC-4D20-9320-4781975F4B5E}.Release|ARM.Build.0 = Release|Any CPU
		{D43A690D-1DCC-4D20-9320-4781975F4B5E}.Release|ARM64.ActiveCfg = Release|Any CPU
		{D43A690D-1DCC-4D20-9320-4781975F4B5E}.Release|ARM64.Build.0 = Release|Any CPU
		{D43A690D-1DCC-4D20-9320-4781975F4B5E}.Release|iPhone.ActiveCfg = Release|Any CPU
		{D43A690D-1DCC-4D20-9320-4781975F4B5E}.Release|iPhone.Build.0 = Release|Any CPU
		{D43A690D-1DCC-4D20-9320-4781975F4B5E}.Release|iPhoneSimulator.ActiveCfg = Release|Any CPU
		{D43A690D-1DCC-4D20-9320-4781975F4B5E}.Release|iPhoneSimulator.Build.0 = Release|Any CPU
		{D43A690D-1DCC-4D20-9320-4781975F4B5E}.Release|x64.ActiveCfg = Release|Any CPU
		{D43A690D-1DCC-4D20-9320-4781975F4B5E}.Release|x64.Build.0 = Release|Any CPU
		{D43A690D-1DCC-4D20-9320-4781975F4B5E}.Release|x86.ActiveCfg = Release|Any CPU
		{D43A690D-1DCC-4D20-9320-4781975F4B5E}.Release|x86.Build.0 = Release|Any CPU
		{55708C1B-A329-4972-8008-8EDFCEF4D281}.Debug|Any CPU.ActiveCfg = Debug|Any CPU
		{55708C1B-A329-4972-8008-8EDFCEF4D281}.Debug|Any CPU.Build.0 = Debug|Any CPU
		{55708C1B-A329-4972-8008-8EDFCEF4D281}.Debug|ARM.ActiveCfg = Debug|Any CPU
		{55708C1B-A329-4972-8008-8EDFCEF4D281}.Debug|ARM.Build.0 = Debug|Any CPU
		{55708C1B-A329-4972-8008-8EDFCEF4D281}.Debug|ARM64.ActiveCfg = Debug|Any CPU
		{55708C1B-A329-4972-8008-8EDFCEF4D281}.Debug|ARM64.Build.0 = Debug|Any CPU
		{55708C1B-A329-4972-8008-8EDFCEF4D281}.Debug|iPhone.ActiveCfg = Debug|Any CPU
		{55708C1B-A329-4972-8008-8EDFCEF4D281}.Debug|iPhone.Build.0 = Debug|Any CPU
		{55708C1B-A329-4972-8008-8EDFCEF4D281}.Debug|iPhoneSimulator.ActiveCfg = Debug|Any CPU
		{55708C1B-A329-4972-8008-8EDFCEF4D281}.Debug|iPhoneSimulator.Build.0 = Debug|Any CPU
		{55708C1B-A329-4972-8008-8EDFCEF4D281}.Debug|x64.ActiveCfg = Debug|Any CPU
		{55708C1B-A329-4972-8008-8EDFCEF4D281}.Debug|x64.Build.0 = Debug|Any CPU
		{55708C1B-A329-4972-8008-8EDFCEF4D281}.Debug|x86.ActiveCfg = Debug|Any CPU
		{55708C1B-A329-4972-8008-8EDFCEF4D281}.Debug|x86.Build.0 = Debug|Any CPU
		{55708C1B-A329-4972-8008-8EDFCEF4D281}.Release|Any CPU.ActiveCfg = Release|Any CPU
		{55708C1B-A329-4972-8008-8EDFCEF4D281}.Release|Any CPU.Build.0 = Release|Any CPU
		{55708C1B-A329-4972-8008-8EDFCEF4D281}.Release|ARM.ActiveCfg = Release|Any CPU
		{55708C1B-A329-4972-8008-8EDFCEF4D281}.Release|ARM.Build.0 = Release|Any CPU
		{55708C1B-A329-4972-8008-8EDFCEF4D281}.Release|ARM64.ActiveCfg = Release|Any CPU
		{55708C1B-A329-4972-8008-8EDFCEF4D281}.Release|ARM64.Build.0 = Release|Any CPU
		{55708C1B-A329-4972-8008-8EDFCEF4D281}.Release|iPhone.ActiveCfg = Release|Any CPU
		{55708C1B-A329-4972-8008-8EDFCEF4D281}.Release|iPhone.Build.0 = Release|Any CPU
		{55708C1B-A329-4972-8008-8EDFCEF4D281}.Release|iPhoneSimulator.ActiveCfg = Release|Any CPU
		{55708C1B-A329-4972-8008-8EDFCEF4D281}.Release|iPhoneSimulator.Build.0 = Release|Any CPU
		{55708C1B-A329-4972-8008-8EDFCEF4D281}.Release|x64.ActiveCfg = Release|Any CPU
		{55708C1B-A329-4972-8008-8EDFCEF4D281}.Release|x64.Build.0 = Release|Any CPU
		{55708C1B-A329-4972-8008-8EDFCEF4D281}.Release|x86.ActiveCfg = Release|Any CPU
		{55708C1B-A329-4972-8008-8EDFCEF4D281}.Release|x86.Build.0 = Release|Any CPU
	EndGlobalSection
	GlobalSection(SolutionProperties) = preSolution
		HideSolutionNode = FALSE
	EndGlobalSection
	GlobalSection(ExtensibilityGlobals) = postSolution
		SolutionGuid = {6A0D1096-B913-4167-AA7D-1D38EF7029DB}
	EndGlobalSection
EndGlobal
